
Microsoft Visual Studio Solution File, Format Version 12.00
# Visual Studio Version 17
VisualStudioVersion = 17.14.36408.4 d17.14
MinimumVisualStudioVersion = 10.0.40219.1
Project("{FAE04EC0-301F-11D3-BF4B-00C04F79EFBC}") = "GestorLibros", "GestorLibros.csproj", "{DC2353F4-D890-4EFC-83DB-A5A0CFD48882}"
EndProject
Global
	GlobalSection(SolutionConfigurationPlatforms) = preSolution
		Debug|Any CPU = Debug|Any CPU
		Release|Any CPU = Release|Any CPU
	EndGlobalSection
	GlobalSection(ProjectConfigurationPlatforms) = postSolution
		{DC2353F4-D890-4EFC-83DB-A5A0CFD48882}.Debug|Any CPU.ActiveCfg = Debug|Any CPU
		{DC2353F4-D890-4EFC-83DB-A5A0CFD48882}.Debug|Any CPU.Build.0 = Debug|Any CPU
		{DC2353F4-D890-4EFC-83DB-A5A0CFD48882}.Release|Any CPU.ActiveCfg = Release|Any CPU
		{DC2353F4-D890-4EFC-83DB-A5A0CFD48882}.Release|Any CPU.Build.0 = Release|Any CPU
	EndGlobalSection
	GlobalSection(SolutionProperties) = preSolution
		HideSolutionNode = FALSE
	EndGlobalSection
	GlobalSection(ExtensibilityGlobals) = postSolution
		SolutionGuid = {28AC1DCF-BDFB-467D-839A-2FA7D5E12635}
	EndGlobalSection
EndGlobal
